// !$*UTF8*$!
{
	archiveVersion = 1;
	classes = {
	};
	objectVersion = 48;
	objects = {

/* Begin PBXBuildFile section */
		AC0C4D36207382EF006CFD44 /* AppDelegate.m in Sources */ = {isa = PBXBuildFile; fileRef = AC0C4D35207382EF006CFD44 /* AppDelegate.m */; };
		AC0C4D39207382EF006CFD44 /* ViewController.m in Sources */ = {isa = PBXBuildFile; fileRef = AC0C4D38207382EF006CFD44 /* ViewController.m */; };
		AC0C4D3C207382EF006CFD44 /* Main.storyboard in Resources */ = {isa = PBXBuildFile; fileRef = AC0C4D3A207382EF006CFD44 /* Main.storyboard */; };
		AC0C4D3E207382EF006CFD44 /* Assets.xcassets in Resources */ = {isa = PBXBuildFile; fileRef = AC0C4D3D207382EF006CFD44 /* Assets.xcassets */; };
		AC0C4D41207382EF006CFD44 /* LaunchScreen.storyboard in Resources */ = {isa = PBXBuildFile; fileRef = AC0C4D3F207382EF006CFD44 /* LaunchScreen.storyboard */; };
		AC0C4D44207382EF006CFD44 /* main.m in Sources */ = {isa = PBXBuildFile; fileRef = AC0C4D43207382EF006CFD44 /* main.m */; };
		AC0C4D4C2073832E006CFD44 /* NSData+AES128.m in Sources */ = {isa = PBXBuildFile; fileRef = AC0C4D4B2073832D006CFD44 /* NSData+AES128.m */; };
/* End PBXBuildFile section */

/* Begin PBXFileReference section */
		AC0C4D31207382EF006CFD44 /* Encryption.app */ = {isa = PBXFileReference; explicitFileType = wrapper.application; includeInIndex = 0; path = Encryption.app; sourceTree = BUILT_PRODUCTS_DIR; };
		AC0C4D34207382EF006CFD44 /* AppDelegate.h */ = {isa = PBXFileReference; lastKnownFileType = sourcecode.c.h; path = AppDelegate.h; sourceTree = "<group>"; };
		AC0C4D35207382EF006CFD44 /* AppDelegate.m */ = {isa = PBXFileReference; lastKnownFileType = sourcecode.c.objc; path = AppDelegate.m; sourceTree = "<group>"; };
		AC0C4D37207382EF006CFD44 /* ViewController.h */ = {isa = PBXFileReference; lastKnownFileType = sourcecode.c.h; path = ViewController.h; sourceTree = "<group>"; };
		AC0C4D38207382EF006CFD44 /* ViewController.m */ = {isa = PBXFileReference; lastKnownFileType = sourcecode.c.objc; path = ViewController.m; sourceTree = "<group>"; };
		AC0C4D3B207382EF006CFD44 /* Base */ = {isa = PBXFileReference; lastKnownFileType = file.storyboard; name = Base; path = Base.lproj/Main.storyboard; sourceTree = "<group>"; };
		AC0C4D3D207382EF006CFD44 /* Assets.xcassets */ = {isa = PBXFileReference; lastKnownFileType = folder.assetcatalog; path = Assets.xcassets; sourceTree = "<group>"; };
		AC0C4D40207382EF006CFD44 /* Base */ = {isa = PBXFileReference; lastKnownFileType = file.storyboard; name = Base; path = Base.lproj/LaunchScreen.storyboard; sourceTree = "<group>"; };
		AC0C4D42207382EF006CFD44 /* Info.plist */ = {isa = PBXFileReference; lastKnownFileType = text.plist.xml; path = Info.plist; sourceTree = "<group>"; };
		AC0C4D43207382EF006CFD44 /* main.m */ = {isa = PBXFileReference; lastKnownFileType = sourcecode.c.objc; path = main.m; sourceTree = "<group>"; };
		AC0C4D4A2073832D006CFD44 /* NSData+AES128.h */ = {isa = PBXFileReference; fileEncoding = 4; lastKnownFileType = sourcecode.c.h; path = "NSData+AES128.h"; sourceTree = "<group>"; };
		AC0C4D4B2073832D006CFD44 /* NSData+AES128.m */ = {isa = PBXFileReference; fileEncoding = 4; lastKnownFileType = sourcecode.c.objc; path = "NSData+AES128.m"; sourceTree = "<group>"; };
/* End PBXFileReference section */

/* Begin PBXFrameworksBuildPhase section */
		AC0C4D2E207382EF006CFD44 /* Frameworks */ = {
			isa = PBXFrameworksBuildPhase;
			buildActionMask = 2147483647;
			files = (
			);
			runOnlyForDeploymentPostprocessing = 0;
		};
/* End PBXFrameworksBuildPhase section */

/* Begin PBXGroup section */
		AC0C4D28207382EF006CFD44 = {
			isa = PBXGroup;
			children = (
				AC0C4D33207382EF006CFD44 /* Encryption */,
				AC0C4D32207382EF006CFD44 /* Products */,
			);
			sourceTree = "<group>";
		};
		AC0C4D32207382EF006CFD44 /* Products */ = {
			isa = PBXGroup;
			children = (
				AC0C4D31207382EF006CFD44 /* Encryption.app */,
			);
			name = Products;
			sourceTree = "<group>";
		};
		AC0C4D33207382EF006CFD44 /* Encryption */ = {
			isa = PBXGroup;
			children = (
				AC0C4D4A2073832D006CFD44 /* NSData+AES128.h */,
				AC0C4D4B2073832D006CFD44 /* NSData+AES128.m */,
				AC0C4D34207382EF006CFD44 /* AppDelegate.h */,
				AC0C4D35207382EF006CFD44 /* AppDelegate.m */,
				AC0C4D37207382EF006CFD44 /* ViewController.h */,
				AC0C4D38207382EF006CFD44 /* ViewController.m */,
				AC0C4D3A207382EF006CFD44 /* Main.storyboard */,
				AC0C4D3D207382EF006CFD44 /* Assets.xcassets */,
				AC0C4D3F207382EF006CFD44 /* LaunchScreen.storyboard */,
				AC0C4D42207382EF006CFD44 /* Info.plist */,
				AC0C4D43207382EF006CFD44 /* main.m */,
			);
			path = Encryption;
			sourceTree = "<group>";
		};
/* End PBXGroup section */

/* Begin PBXNativeTarget section */
		AC0C4D30207382EF006CFD44 /* Encryption */ = {
			isa = PBXNativeTarget;
			buildConfigurationList = AC0C4D47207382EF006CFD44 /* Build configuration list for PBXNativeTarget "Encryption" */;
			buildPhases = (
				AC0C4D2D207382EF006CFD44 /* Sources */,
				AC0C4D2E207382EF006CFD44 /* Frameworks */,
				AC0C4D2F207382EF006CFD44 /* Resources */,
			);
			buildRules = (
			);
			dependencies = (
			);
			name = Encryption;
			productName = Encryption;
			productReference = AC0C4D31207382EF006CFD44 /* Encryption.app */;
			productType = "com.apple.product-type.application";
		};
/* End PBXNativeTarget section */

/* Begin PBXProject section */
		AC0C4D29207382EF006CFD44 /* Project object */ = {
			isa = PBXProject;
			attributes = {
				LastUpgradeCheck = 0920;
				ORGANIZATIONNAME = Successive;
				TargetAttributes = {
					AC0C4D30207382EF006CFD44 = {
						CreatedOnToolsVersion = 9.2;
						ProvisioningStyle = Automatic;
					};
				};
			};
			buildConfigurationList = AC0C4D2C207382EF006CFD44 /* Build configuration list for PBXProject "Encryption" */;
			compatibilityVersion = "Xcode 8.0";
			developmentRegion = en;
			hasScannedForEncodings = 0;
			knownRegions = (
				en,
				Base,
			);
			mainGroup = AC0C4D28207382EF006CFD44;
			productRefGroup = AC0C4D32207382EF006CFD44 /* Products */;
			projectDirPath = "";
			projectRoot = "";
			targets = (
				AC0C4D30207382EF006CFD44 /* Encryption */,
			);
		};
/* End PBXProject section */

/* Begin PBXResourcesBuildPhase section */
		AC0C4D2F207382EF006CFD44 /* Resources */ = {
			isa = PBXResourcesBuildPhase;
			buildActionMask = 2147483647;
			files = (
				AC0C4D41207382EF006CFD44 /* LaunchScreen.storyboard in Resources */,
				AC0C4D3E207382EF006CFD44 /* Assets.xcassets in Resources */,
				AC0C4D3C207382EF006CFD44 /* Main.storyboard in Resources */,
			);
			runOnlyForDeploymentPostprocessing = 0;
		};
/* End PBXResourcesBuildPhase section */

/* Begin PBXSourcesBuildPhase section */
		AC0C4D2D207382EF006CFD44 /* Sources */ = {
			isa = PBXSourcesBuildPhase;
			buildActionMask = 2147483647;
			files = (
				AC0C4D4C2073832E006CFD44 /* NSData+AES128.m in Sources */,
				AC0C4D39207382EF006CFD44 /* ViewController.m in Sources */,
				AC0C4D44207382EF006CFD44 /* main.m in Sources */,
				AC0C4D36207382EF006CFD44 /* AppDelegate.m in Sources */,
			);
			runOnlyForDeploymentPostprocessing = 0;
		};
/* End PBXSourcesBuildPhase section */

/* Begin PBXVariantGroup section */
		AC0C4D3A207382EF006CFD44 /* Main.storyboard */ = {
			isa = PBXVariantGroup;
			children = (
				AC0C4D3B207382EF006CFD44 /* Base */,
			);
			name = Main.storyboard;
			sourceTree = "<group>";
		};
		AC0C4D3F207382EF006CFD44 /* LaunchScreen.storyboard */ = {
			isa = PBXVariantGroup;
			children = (
				AC0C4D40207382EF006CFD44 /* Base */,
			);
			name = LaunchScreen.storyboard;
			sourceTree = "<group>";
		};
/* End PBXVariantGroup section */

/* Begin XCBuildConfiguration section */
		AC0C4D45207382EF006CFD44 /* Debug */ = {
			isa = XCBuildConfiguration;
			buildSettings = {
				ALWAYS_SEARCH_USER_PATHS = NO;
				CLANG_ANALYZER_NONNULL = YES;
				CLANG_ANALYZER_NUMBER_OBJECT_CONVERSION = YES_AGGRESSIVE;
				CLANG_CXX_LANGUAGE_STANDARD = "gnu++14";
				CLANG_CXX_LIBRARY = "libc++";
				CLANG_ENABLE_MODULES = YES;
				CLANG_ENABLE_OBJC_ARC = YES;
				CLANG_WARN_BLOCK_CAPTURE_AUTORELEASING = YES;
				CLANG_WARN_BOOL_CONVERSION = YES;
				CLANG_WARN_COMMA = YES;
				CLANG_WARN_CONSTANT_CONVERSION = YES;
				CLANG_WARN_DIRECT_OBJC_ISA_USAGE = YES_ERROR;
				CLANG_WARN_DOCUMENTATION_COMMENTS = YES;
				CLANG_WARN_EMPTY_BODY = YES;
				CLANG_WARN_ENUM_CONVERSION = YES;
				CLANG_WARN_INFINITE_RECURSION = YES;
				CLANG_WARN_INT_CONVERSION = YES;
				CLANG_WARN_NON_LITERAL_NULL_CONVERSION = YES;
				CLANG_WARN_OBJC_LITERAL_CONVERSION = YES;
				CLANG_WARN_OBJC_ROOT_CLASS = YES_ERROR;
				CLANG_WARN_RANGE_LOOP_ANALYSIS = YES;
				CLANG_WARN_STRICT_PROTOTYPES = YES;
				CLANG_WARN_SUSPICIOUS_MOVE = YES;
				CLANG_WARN_UNGUARDED_AVAILABILITY = YES_AGGRESSIVE;
				CLANG_WARN_UNREACHABLE_CODE = YES;
				CLANG_WARN__DUPLICATE_METHOD_MATCH = YES;
				CODE_SIGN_IDENTITY = "iPhone Developer";
				COPY_PHASE_STRIP = NO;
				DEBUG_INFORMATION_FORMAT = dwarf;
				ENABLE_STRICT_OBJC_MSGSEND = YES;
				ENABLE_TESTABILITY = YES;
				GCC_C_LANGUAGE_STANDARD = gnu11;
				GCC_DYNAMIC_NO_PIC = NO;
				GCC_NO_COMMON_BLOCKS = YES;
				GCC_OPTIMIZATION_LEVEL = 0;
				GCC_PREPROCESSOR_DEFINITIONS = (
					"DEBUG=1",
					"$(inherited)",
				);
				GCC_WARN_64_TO_32_BIT_CONVERSION = YES;
				GCC_WARN_ABOUT_RETURN_TYPE = YES_ERROR;
				GCC_WARN_UNDECLARED_SELECTOR = YES;
				GCC_WARN_UNINITIALIZED_AUTOS = YES_AGGRESSIVE;
				GCC_WARN_UNUSED_FUNCTION = YES;
				GCC_WARN_UNUSED_VARIABLE = YES;
				IPHONEOS_DEPLOYMENT_TARGET = 11.2;
				MTL_ENABLE_DEBUG_INFO = YES;
				ONLY_ACTIVE_ARCH = YES;
				SDKROOT = iphoneos;
			};
			name = Debug;
		};
		AC0C4D46207382EF006CFD44 /* Release */ = {
			isa = XCBuildConfiguration;
			buildSettings = {
				ALWAYS_SEARCH_USER_PATHS = NO;
				CLANG_ANALYZER_NONNULL = YES;
				CLANG_ANALYZER_NUMBER_OBJECT_CONVERSION = YES_AGGRESSIVE;
				CLANG_CXX_LANGUAGE_STANDARD = "gnu++14";
				CLANG_CXX_LIBRARY = "libc++";
				CLANG_ENABLE_MODULES = YES;
				CLANG_ENABLE_OBJC_ARC = YES;
				CLANG_WARN_BLOCK_CAPTURE_AUTORELEASING = YES;
				CLANG_WARN_BOOL_CONVERSION = YES;
				CLANG_WARN_COMMA = YES;
				CLANG_WARN_CONSTANT_CONVERSION = YES;
				CLANG_WARN_DIRECT_OBJC_ISA_USAGE = YES_ERROR;
				CLANG_WARN_DOCUMENTATION_COMMENTS = YES;
				CLANG_WARN_EMPTY_BODY = YES;
				CLANG_WARN_ENUM_CONVERSION = YES;
				CLANG_WARN_INFINITE_RECURSION = YES;
				CLANG_WARN_INT_CONVERSION = YES;
				CLANG_WARN_NON_LITERAL_NULL_CONVERSION = YES;
				CLANG_WARN_OBJC_LITERAL_CONVERSION = YES;
				CLANG_WARN_OBJC_ROOT_CLASS = YES_ERROR;
				CLANG_WARN_RANGE_LOOP_ANALYSIS = YES;
				CLANG_WARN_STRICT_PROTOTYPES = YES;
				CLANG_WARN_SUSPICIOUS_MOVE = YES;
				CLANG_WARN_UNGUARDED_AVAILABILITY = YES_AGGRESSIVE;
				CLANG_WARN_UNREACHABLE_CODE = YES;
				CLANG_WARN__DUPLICATE_METHOD_MATCH = YES;
				CODE_SIGN_IDENTITY = "iPhone Developer";
				COPY_PHASE_STRIP = NO;
				DEBUG_INFORMATION_FORMAT = "dwarf-with-dsym";
				ENABLE_NS_ASSERTIONS = NO;
				ENABLE_STRICT_OBJC_MSGSEND = YES;
				GCC_C_LANGUAGE_STANDARD = gnu11;
				GCC_NO_COMMON_BLOCKS = YES;
				GCC_WARN_64_TO_32_BIT_CONVERSION = YES;
				GCC_WARN_ABOUT_RETURN_TYPE = YES_ERROR;
				GCC_WARN_UNDECLARED_SELECTOR = YES;
				GCC_WARN_UNINITIALIZED_AUTOS = YES_AGGRESSIVE;
				GCC_WARN_UNUSED_FUNCTION = YES;
				GCC_WARN_UNUSED_VARIABLE = YES;
				IPHONEOS_DEPLOYMENT_TARGET = 11.2;
				MTL_ENABLE_DEBUG_INFO = NO;
				SDKROOT = iphoneos;
				VALIDATE_PRODUCT = YES;
			};
			name = Release;
		};
		AC0C4D48207382EF006CFD44 /* Debug */ = {
			isa = XCBuildConfiguration;
			buildSettings = {
				ASSETCATALOG_COMPILER_APPICON_NAME = AppIcon;
				CODE_SIGN_STYLE = Automatic;
				DEVELOPMENT_TEAM = SYLT36L949;
				INFOPLIST_FILE = Encryption/Info.plist;
				LD_RUNPATH_SEARCH_PATHS = "$(inherited) @executable_path/Frameworks";
				PRODUCT_BUNDLE_IDENTIFIER = com.successive.adhoc.Encryption;
				PRODUCT_NAME = "$(TARGET_NAME)";
				TARGETED_DEVICE_FAMILY = "1,2";
			};
			name = Debug;
		};
		AC0C4D49207382EF006CFD44 /* Release */ = {
			isa = XCBuildConfiguration;
			buildSettings = {
				ASSETCATALOG_COMPILER_APPICON_NAME = AppIcon;
				CODE_SIGN_STYLE = Automatic;
				DEVELOPMENT_TEAM = SYLT36L949;
				INFOPLIST_FILE = Encryption/Info.plist;
				LD_RUNPATH_SEARCH_PATHS = "$(inherited) @executable_path/Frameworks";
				PRODUCT_BUNDLE_IDENTIFIER = com.successive.adhoc.Encryption;
				PRODUCT_NAME = "$(TARGET_NAME)";
				TARGETED_DEVICE_FAMILY = "1,2";
			};
			name = Release;
		};
/* End XCBuildConfiguration section */

/* Begin XCConfigurationList section */
		AC0C4D2C207382EF006CFD44 /* Build configuration list for PBXProject "Encryption" */ = {
			isa = XCConfigurationList;
			buildConfigurations = (
				AC0C4D45207382EF006CFD44 /* Debug */,
				AC0C4D46207382EF006CFD44 /* Release */,
			);
			defaultConfigurationIsVisible = 0;
			defaultConfigurationName = Release;
		};
		AC0C4D47207382EF006CFD44 /* Build configuration list for PBXNativeTarget "Encryption" */ = {
			isa = XCConfigurationList;
			buildConfigurations = (
				AC0C4D48207382EF006CFD44 /* Debug */,
				AC0C4D49207382EF006CFD44 /* Release */,
			);
			defaultConfigurationIsVisible = 0;
			defaultConfigurationName = Release;
		};
/* End XCConfigurationList section */
	};
	rootObject = AC0C4D29207382EF006CFD44 /* Project object */;
}
